
Microsoft Visual Studio Solution File, Format Version 12.00
# Visual Studio 15
VisualStudioVersion = 15.0.26430.13
MinimumVisualStudioVersion = 10.0.40219.1
Project("{FAE04EC0-301F-11D3-BF4B-00C04F79EFBC}") = "ConsoleServer", "ConsoleServer\ConsoleServer.csproj", "{F1A9A00F-0DBD-440F-9D4E-54275182734B}"
EndProject
Project("{FAE04EC0-301F-11D3-BF4B-00C04F79EFBC}") = "ConsoleClient", "ConsoleClient\ConsoleClient.csproj", "{F554C7E0-F87D-47A6-AF69-40AD4F0946DE}"
EndProject
Project("{FAE04EC0-301F-11D3-BF4B-00C04F79EFBC}") = "UdpLibrary", "ClassLibrary\UdpLibrary.csproj", "{E6BCE269-C0CE-46B3-A728-A89A99343CCA}"
EndProject
Project("{FAE04EC0-301F-11D3-BF4B-00C04F79EFBC}") = "UnitTestProject", "UnitTestProject\UnitTestProject.csproj", "{88962678-5781-4784-AD37-B4A2E7825FB4}"
EndProject
Global
	GlobalSection(SolutionConfigurationPlatforms) = preSolution
		Debug|Any CPU = Debug|Any CPU
		Release|Any CPU = Release|Any CPU
	EndGlobalSection
	GlobalSection(ProjectConfigurationPlatforms) = postSolution
		{F1A9A00F-0DBD-440F-9D4E-54275182734B}.Debug|Any CPU.ActiveCfg = Debug|Any CPU
		{F1A9A00F-0DBD-440F-9D4E-54275182734B}.Debug|Any CPU.Build.0 = Debug|Any CPU
		{F1A9A00F-0DBD-440F-9D4E-54275182734B}.Release|Any CPU.ActiveCfg = Release|Any CPU
		{F1A9A00F-0DBD-440F-9D4E-54275182734B}.Release|Any CPU.Build.0 = Release|Any CPU
		{F554C7E0-F87D-47A6-AF69-40AD4F0946DE}.Debug|Any CPU.ActiveCfg = Debug|Any CPU
		{F554C7E0-F87D-47A6-AF69-40AD4F0946DE}.Debug|Any CPU.Build.0 = Debug|Any CPU
		{F554C7E0-F87D-47A6-AF69-40AD4F0946DE}.Release|Any CPU.ActiveCfg = Release|Any CPU
		{F554C7E0-F87D-47A6-AF69-40AD4F0946DE}.Release|Any CPU.Build.0 = Release|Any CPU
		{E6BCE269-C0CE-46B3-A728-A89A99343CCA}.Debug|Any CPU.ActiveCfg = Debug|Any CPU
		{E6BCE269-C0CE-46B3-A728-A89A99343CCA}.Debug|Any CPU.Build.0 = Debug|Any CPU
		{E6BCE269-C0CE-46B3-A728-A89A99343CCA}.Release|Any CPU.ActiveCfg = Release|Any CPU
		{E6BCE269-C0CE-46B3-A728-A89A99343CCA}.Release|Any CPU.Build.0 = Release|Any CPU
		{88962678-5781-4784-AD37-B4A2E7825FB4}.Debug|Any CPU.ActiveCfg = Debug|Any CPU
		{88962678-5781-4784-AD37-B4A2E7825FB4}.Debug|Any CPU.Build.0 = Debug|Any CPU
		{88962678-5781-4784-AD37-B4A2E7825FB4}.Release|Any CPU.ActiveCfg = Release|Any CPU
		{88962678-5781-4784-AD37-B4A2E7825FB4}.Release|Any CPU.Build.0 = Release|Any CPU
	EndGlobalSection
	GlobalSection(SolutionProperties) = preSolution
		HideSolutionNode = FALSE
	EndGlobalSection
	GlobalSection(ExtensibilityGlobals) = postSolution
		VisualSVNWorkingCopyRoot = .
	EndGlobalSection
EndGlobal
